
Microsoft Visual Studio Solution File, Format Version 12.00
# Visual Studio Version 17
VisualStudioVersion = 17.8.34525.116
MinimumVisualStudioVersion = 10.0.40219.1
Project("{FAE04EC0-301F-11D3-BF4B-00C04F79EFBC}") = "YtBookStore1", "YtBookStore1\YtBookStore1.csproj", "{3E184E0E-5A20-4D78-ACE2-0E9FC663BE73}"
EndProject
Global
	GlobalSection(SolutionConfigurationPlatforms) = preSolution
		Debug|Any CPU = Debug|Any CPU
		Release|Any CPU = Release|Any CPU
	EndGlobalSection
	GlobalSection(ProjectConfigurationPlatforms) = postSolution
		{3E184E0E-5A20-4D78-ACE2-0E9FC663BE73}.Debug|Any CPU.ActiveCfg = Debug|Any CPU
		{3E184E0E-5A20-4D78-ACE2-0E9FC663BE73}.Debug|Any CPU.Build.0 = Debug|Any CPU
		{3E184E0E-5A20-4D78-ACE2-0E9FC663BE73}.Release|Any CPU.ActiveCfg = Release|Any CPU
		{3E184E0E-5A20-4D78-ACE2-0E9FC663BE73}.Release|Any CPU.Build.0 = Release|Any CPU
	EndGlobalSection
	GlobalSection(SolutionProperties) = preSolution
		HideSolutionNode = FALSE
	EndGlobalSection
	GlobalSection(ExtensibilityGlobals) = postSolution
		SolutionGuid = {D1F6D611-E0A9-4EE4-97B5-D8D36C771F2B}
	EndGlobalSection
EndGlobal
